
Microsoft Visual Studio Solution File, Format Version 12.00
# Visual Studio Version 16
VisualStudioVersion = 16.0.31729.503
MinimumVisualStudioVersion = 10.0.40219.1
Project("{888888A0-9F3D-457C-B088-3A5042F75D52}") = "my_function", "my_function.pyproj", "{1ED4ABA4-9F92-46D1-8057-461E1814D59A}"
EndProject
Global
	GlobalSection(SolutionConfigurationPlatforms) = preSolution
		Debug|Any CPU = Debug|Any CPU
		Release|Any CPU = Release|Any CPU
	EndGlobalSection
	GlobalSection(ProjectConfigurationPlatforms) = postSolution
		{1ED4ABA4-9F92-46D1-8057-461E1814D59A}.Debug|Any CPU.ActiveCfg = Debug|Any CPU
		{1ED4ABA4-9F92-46D1-8057-461E1814D59A}.Release|Any CPU.ActiveCfg = Release|Any CPU
	EndGlobalSection
	GlobalSection(SolutionProperties) = preSolution
		HideSolutionNode = FALSE
	EndGlobalSection
	GlobalSection(ExtensibilityGlobals) = postSolution
		SolutionGuid = {828F2230-67D1-4984-AB2A-EA226A415DDB}
	EndGlobalSection
EndGlobal
